
Microsoft Visual Studio Solution File, Format Version 12.00
# Visual Studio 2012
Project("{FAE04EC0-301F-11D3-BF4B-00C04F79EFBC}") = "Messaging", "Messaging\Messaging.csproj", "{69AE7F48-FFF1-46AA-9CF3-B4A9F5FB2D13}"
EndProject
Project("{FAE04EC0-301F-11D3-BF4B-00C04F79EFBC}") = "RefBox", "RefBox\RefBox.csproj", "{7A3EA1DA-8A49-4732-ACA2-0B48AC1095CA}"
EndProject
Project("{FAE04EC0-301F-11D3-BF4B-00C04F79EFBC}") = "Core", "Core\Core.csproj", "{2A163721-DE91-4AD9-A7C7-29573095A2B3}"
EndProject
Project("{FAE04EC0-301F-11D3-BF4B-00C04F79EFBC}") = "Logging", "Logging\Logging.csproj", "{AFD94145-D3FB-4143-9925-6AC7B766E224}"
EndProject
Global
	GlobalSection(SolutionConfigurationPlatforms) = preSolution
		Debug|Any CPU = Debug|Any CPU
		Release|Any CPU = Release|Any CPU
	EndGlobalSection
	GlobalSection(ProjectConfigurationPlatforms) = postSolution
		{69AE7F48-FFF1-46AA-9CF3-B4A9F5FB2D13}.Debug|Any CPU.ActiveCfg = Debug|Any CPU
		{69AE7F48-FFF1-46AA-9CF3-B4A9F5FB2D13}.Debug|Any CPU.Build.0 = Debug|Any CPU
		{69AE7F48-FFF1-46AA-9CF3-B4A9F5FB2D13}.Release|Any CPU.ActiveCfg = Release|Any CPU
		{69AE7F48-FFF1-46AA-9CF3-B4A9F5FB2D13}.Release|Any CPU.Build.0 = Release|Any CPU
		{7A3EA1DA-8A49-4732-ACA2-0B48AC1095CA}.Debug|Any CPU.ActiveCfg = Debug|Any CPU
		{7A3EA1DA-8A49-4732-ACA2-0B48AC1095CA}.Debug|Any CPU.Build.0 = Debug|Any CPU
		{7A3EA1DA-8A49-4732-ACA2-0B48AC1095CA}.Release|Any CPU.ActiveCfg = Release|Any CPU
		{7A3EA1DA-8A49-4732-ACA2-0B48AC1095CA}.Release|Any CPU.Build.0 = Release|Any CPU
		{2A163721-DE91-4AD9-A7C7-29573095A2B3}.Debug|Any CPU.ActiveCfg = Debug|Any CPU
		{2A163721-DE91-4AD9-A7C7-29573095A2B3}.Debug|Any CPU.Build.0 = Debug|Any CPU
		{2A163721-DE91-4AD9-A7C7-29573095A2B3}.Release|Any CPU.ActiveCfg = Release|Any CPU
		{2A163721-DE91-4AD9-A7C7-29573095A2B3}.Release|Any CPU.Build.0 = Release|Any CPU
		{AFD94145-D3FB-4143-9925-6AC7B766E224}.Debug|Any CPU.ActiveCfg = Debug|Any CPU
		{AFD94145-D3FB-4143-9925-6AC7B766E224}.Debug|Any CPU.Build.0 = Debug|Any CPU
		{AFD94145-D3FB-4143-9925-6AC7B766E224}.Release|Any CPU.ActiveCfg = Release|Any CPU
		{AFD94145-D3FB-4143-9925-6AC7B766E224}.Release|Any CPU.Build.0 = Release|Any CPU
	EndGlobalSection
	GlobalSection(SolutionProperties) = preSolution
		HideSolutionNode = FALSE
	EndGlobalSection
EndGlobal
